
Microsoft Visual Studio Solution File, Format Version 12.00
# Visual Studio Version 16
VisualStudioVersion = 16.0.30128.74
MinimumVisualStudioVersion = 10.0.40219.1
Project("{F184B08F-C81C-45F6-A57F-5ABD9991F28F}") = "Hospital", "Hospital\Hospital.vbproj", "{9C6A551C-6C30-4443-81E8-7EB775E13ADD}"
EndProject
Global
	GlobalSection(SolutionConfigurationPlatforms) = preSolution
		Debug|Any CPU = Debug|Any CPU
		Release|Any CPU = Release|Any CPU
	EndGlobalSection
	GlobalSection(ProjectConfigurationPlatforms) = postSolution
		{9C6A551C-6C30-4443-81E8-7EB775E13ADD}.Debug|Any CPU.ActiveCfg = Debug|Any CPU
		{9C6A551C-6C30-4443-81E8-7EB775E13ADD}.Debug|Any CPU.Build.0 = Debug|Any CPU
		{9C6A551C-6C30-4443-81E8-7EB775E13ADD}.Release|Any CPU.ActiveCfg = Release|Any CPU
		{9C6A551C-6C30-4443-81E8-7EB775E13ADD}.Release|Any CPU.Build.0 = Release|Any CPU
	EndGlobalSection
	GlobalSection(SolutionProperties) = preSolution
		HideSolutionNode = FALSE
	EndGlobalSection
	GlobalSection(ExtensibilityGlobals) = postSolution
		SolutionGuid = {46A3CD3C-42B4-4ABA-9F7A-DC7CC6435E9F}
	EndGlobalSection
EndGlobal
